
Microsoft Visual Studio Solution File, Format Version 12.00
# Visual Studio Version 17
VisualStudioVersion = 17.14.36310.24 d17.14
MinimumVisualStudioVersion = 10.0.40219.1
Project("{FAE04EC0-301F-11D3-BF4B-00C04F79EFBC}") = "CloudStorageTools", "CloudStorageTools.csproj", "{06BE612B-5715-4DFF-A6BE-5521796939BF}"
EndProject
Global
	GlobalSection(SolutionConfigurationPlatforms) = preSolution
		Debug|Any CPU = Debug|Any CPU
		Release|Any CPU = Release|Any CPU
	EndGlobalSection
	GlobalSection(ProjectConfigurationPlatforms) = postSolution
		{06BE612B-5715-4DFF-A6BE-5521796939BF}.Debug|Any CPU.ActiveCfg = Debug|Any CPU
		{06BE612B-5715-4DFF-A6BE-5521796939BF}.Debug|Any CPU.Build.0 = Debug|Any CPU
		{06BE612B-5715-4DFF-A6BE-5521796939BF}.Release|Any CPU.ActiveCfg = Release|Any CPU
		{06BE612B-5715-4DFF-A6BE-5521796939BF}.Release|Any CPU.Build.0 = Release|Any CPU
	EndGlobalSection
	GlobalSection(SolutionProperties) = preSolution
		HideSolutionNode = FALSE
	EndGlobalSection
	GlobalSection(ExtensibilityGlobals) = postSolution
		SolutionGuid = {245936FD-03FF-4F58-8D61-E9761B3C0473}
	EndGlobalSection
EndGlobal
